// !$*UTF8*$!
{
	archiveVersion = 1;
	classes = {
	};
	objectVersion = 56;
	objects = {

/* Begin PBXBuildFile section */
		639DAA432A8BF92000AFD13A /* AppDelegate.swift in Sources */ = {isa = PBXBuildFile; fileRef = 639DAA422A8BF92000AFD13A /* AppDelegate.swift */; };
		639DAA452A8BF92000AFD13A /* SceneDelegate.swift in Sources */ = {isa = PBXBuildFile; fileRef = 639DAA442A8BF92000AFD13A /* SceneDelegate.swift */; };
		639DAA472A8BF92000AFD13A /* ViewController.swift in Sources */ = {isa = PBXBuildFile; fileRef = 639DAA462A8BF92000AFD13A /* ViewController.swift */; };
		639DAA4A2A8BF92000AFD13A /* Main.storyboard in Resources */ = {isa = PBXBuildFile; fileRef = 639DAA482A8BF92000AFD13A /* Main.storyboard */; };
		639DAA4C2A8BF92100AFD13A /* Assets.xcassets in Resources */ = {isa = PBXBuildFile; fileRef = 639DAA4B2A8BF92100AFD13A /* Assets.xcassets */; };
		639DAA4F2A8BF92100AFD13A /* LaunchScreen.storyboard in Resources */ = {isa = PBXBuildFile; fileRef = 639DAA4D2A8BF92100AFD13A /* LaunchScreen.storyboard */; };
		639DAA5A2A8BF92100AFD13A /* UrlCollectionViewTests.swift in Sources */ = {isa = PBXBuildFile; fileRef = 639DAA592A8BF92100AFD13A /* UrlCollectionViewTests.swift */; };
		639DAA642A8BF92100AFD13A /* UrlCollectionViewUITests.swift in Sources */ = {isa = PBXBuildFile; fileRef = 639DAA632A8BF92100AFD13A /* UrlCollectionViewUITests.swift */; };
		639DAA662A8BF92100AFD13A /* UrlCollectionViewUITestsLaunchTests.swift in Sources */ = {isa = PBXBuildFile; fileRef = 639DAA652A8BF92100AFD13A /* UrlCollectionViewUITestsLaunchTests.swift */; };
/* End PBXBuildFile section */

/* Begin PBXContainerItemProxy section */
		639DAA562A8BF92100AFD13A /* PBXContainerItemProxy */ = {
			isa = PBXContainerItemProxy;
			containerPortal = 639DAA372A8BF92000AFD13A /* Project object */;
			proxyType = 1;
			remoteGlobalIDString = 639DAA3E2A8BF92000AFD13A;
			remoteInfo = UrlCollectionView;
		};
		639DAA602A8BF92100AFD13A /* PBXContainerItemProxy */ = {
			isa = PBXContainerItemProxy;
			containerPortal = 639DAA372A8BF92000AFD13A /* Project object */;
			proxyType = 1;
			remoteGlobalIDString = 639DAA3E2A8BF92000AFD13A;
			remoteInfo = UrlCollectionView;
		};
/* End PBXContainerItemProxy section */

/* Begin PBXFileReference section */
		639DAA3F2A8BF92000AFD13A /* UrlCollectionView.app */ = {isa = PBXFileReference; explicitFileType = wrapper.application; includeInIndex = 0; path = UrlCollectionView.app; sourceTree = BUILT_PRODUCTS_DIR; };
		639DAA422A8BF92000AFD13A /* AppDelegate.swift */ = {isa = PBXFileReference; lastKnownFileType = sourcecode.swift; path = AppDelegate.swift; sourceTree = "<group>"; };
		639DAA442A8BF92000AFD13A /* SceneDelegate.swift */ = {isa = PBXFileReference; lastKnownFileType = sourcecode.swift; path = SceneDelegate.swift; sourceTree = "<group>"; };
		639DAA462A8BF92000AFD13A /* ViewController.swift */ = {isa = PBXFileReference; lastKnownFileType = sourcecode.swift; path = ViewController.swift; sourceTree = "<group>"; };
		639DAA492A8BF92000AFD13A /* Base */ = {isa = PBXFileReference; lastKnownFileType = file.storyboard; name = Base; path = Base.lproj/Main.storyboard; sourceTree = "<group>"; };
		639DAA4B2A8BF92100AFD13A /* Assets.xcassets */ = {isa = PBXFileReference; lastKnownFileType = folder.assetcatalog; path = Assets.xcassets; sourceTree = "<group>"; };
		639DAA4E2A8BF92100AFD13A /* Base */ = {isa = PBXFileReference; lastKnownFileType = file.storyboard; name = Base; path = Base.lproj/LaunchScreen.storyboard; sourceTree = "<group>"; };
		639DAA502A8BF92100AFD13A /* Info.plist */ = {isa = PBXFileReference; lastKnownFileType = text.plist.xml; path = Info.plist; sourceTree = "<group>"; };
		639DAA552A8BF92100AFD13A /* UrlCollectionViewTests.xctest */ = {isa = PBXFileReference; explicitFileType = wrapper.cfbundle; includeInIndex = 0; path = UrlCollectionViewTests.xctest; sourceTree = BUILT_PRODUCTS_DIR; };
		639DAA592A8BF92100AFD13A /* UrlCollectionViewTests.swift */ = {isa = PBXFileReference; lastKnownFileType = sourcecode.swift; path = UrlCollectionViewTests.swift; sourceTree = "<group>"; };
		639DAA5F2A8BF92100AFD13A /* UrlCollectionViewUITests.xctest */ = {isa = PBXFileReference; explicitFileType = wrapper.cfbundle; includeInIndex = 0; path = UrlCollectionViewUITests.xctest; sourceTree = BUILT_PRODUCTS_DIR; };
		639DAA632A8BF92100AFD13A /* UrlCollectionViewUITests.swift */ = {isa = PBXFileReference; lastKnownFileType = sourcecode.swift; path = UrlCollectionViewUITests.swift; sourceTree = "<group>"; };
		639DAA652A8BF92100AFD13A /* UrlCollectionViewUITestsLaunchTests.swift */ = {isa = PBXFileReference; lastKnownFileType = sourcecode.swift; path = UrlCollectionViewUITestsLaunchTests.swift; sourceTree = "<group>"; };
/* End PBXFileReference section */

/* Begin PBXFrameworksBuildPhase section */
		639DAA3C2A8BF92000AFD13A /* Frameworks */ = {
			isa = PBXFrameworksBuildPhase;
			buildActionMask = 2147483647;
			files = (
			);
			runOnlyForDeploymentPostprocessing = 0;
		};
		639DAA522A8BF92100AFD13A /* Frameworks */ = {
			isa = PBXFrameworksBuildPhase;
			buildActionMask = 2147483647;
			files = (
			);
			runOnlyForDeploymentPostprocessing = 0;
		};
		639DAA5C2A8BF92100AFD13A /* Frameworks */ = {
			isa = PBXFrameworksBuildPhase;
			buildActionMask = 2147483647;
			files = (
			);
			runOnlyForDeploymentPostprocessing = 0;
		};
/* End PBXFrameworksBuildPhase section */

/* Begin PBXGroup section */
		639DAA362A8BF92000AFD13A = {
			isa = PBXGroup;
			children = (
				639DAA412A8BF92000AFD13A /* UrlCollectionView */,
				639DAA582A8BF92100AFD13A /* UrlCollectionViewTests */,
				639DAA622A8BF92100AFD13A /* UrlCollectionViewUITests */,
				639DAA402A8BF92000AFD13A /* Products */,
			);
			sourceTree = "<group>";
		};
		639DAA402A8BF92000AFD13A /* Products */ = {
			isa = PBXGroup;
			children = (
				639DAA3F2A8BF92000AFD13A /* UrlCollectionView.app */,
				639DAA552A8BF92100AFD13A /* UrlCollectionViewTests.xctest */,
				639DAA5F2A8BF92100AFD13A /* UrlCollectionViewUITests.xctest */,
			);
			name = Products;
			sourceTree = "<group>";
		};
		639DAA412A8BF92000AFD13A /* UrlCollectionView */ = {
			isa = PBXGroup;
			children = (
				639DAA422A8BF92000AFD13A /* AppDelegate.swift */,
				639DAA442A8BF92000AFD13A /* SceneDelegate.swift */,
				639DAA462A8BF92000AFD13A /* ViewController.swift */,
				639DAA482A8BF92000AFD13A /* Main.storyboard */,
				639DAA4B2A8BF92100AFD13A /* Assets.xcassets */,
				639DAA4D2A8BF92100AFD13A /* LaunchScreen.storyboard */,
				639DAA502A8BF92100AFD13A /* Info.plist */,
			);
			path = UrlCollectionView;
			sourceTree = "<group>";
		};
		639DAA582A8BF92100AFD13A /* UrlCollectionViewTests */ = {
			isa = PBXGroup;
			children = (
				639DAA592A8BF92100AFD13A /* UrlCollectionViewTests.swift */,
			);
			path = UrlCollectionViewTests;
			sourceTree = "<group>";
		};
		639DAA622A8BF92100AFD13A /* UrlCollectionViewUITests */ = {
			isa = PBXGroup;
			children = (
				639DAA632A8BF92100AFD13A /* UrlCollectionViewUITests.swift */,
				639DAA652A8BF92100AFD13A /* UrlCollectionViewUITestsLaunchTests.swift */,
			);
			path = UrlCollectionViewUITests;
			sourceTree = "<group>";
		};
/* End PBXGroup section */

/* Begin PBXNativeTarget section */
		639DAA3E2A8BF92000AFD13A /* UrlCollectionView */ = {
			isa = PBXNativeTarget;
			buildConfigurationList = 639DAA692A8BF92100AFD13A /* Build configuration list for PBXNativeTarget "UrlCollectionView" */;
			buildPhases = (
				639DAA3B2A8BF92000AFD13A /* Sources */,
				639DAA3C2A8BF92000AFD13A /* Frameworks */,
				639DAA3D2A8BF92000AFD13A /* Resources */,
			);
			buildRules = (
			);
			dependencies = (
			);
			name = UrlCollectionView;
			productName = UrlCollectionView;
			productReference = 639DAA3F2A8BF92000AFD13A /* UrlCollectionView.app */;
			productType = "com.apple.product-type.application";
		};
		639DAA542A8BF92100AFD13A /* UrlCollectionViewTests */ = {
			isa = PBXNativeTarget;
			buildConfigurationList = 639DAA6C2A8BF92100AFD13A /* Build configuration list for PBXNativeTarget "UrlCollectionViewTests" */;
			buildPhases = (
				639DAA512A8BF92100AFD13A /* Sources */,
				639DAA522A8BF92100AFD13A /* Frameworks */,
				639DAA532A8BF92100AFD13A /* Resources */,
			);
			buildRules = (
			);
			dependencies = (
				639DAA572A8BF92100AFD13A /* PBXTargetDependency */,
			);
			name = UrlCollectionViewTests;
			productName = UrlCollectionViewTests;
			productReference = 639DAA552A8BF92100AFD13A /* UrlCollectionViewTests.xctest */;
			productType = "com.apple.product-type.bundle.unit-test";
		};
		639DAA5E2A8BF92100AFD13A /* UrlCollectionViewUITests */ = {
			isa = PBXNativeTarget;
			buildConfigurationList = 639DAA6F2A8BF92100AFD13A /* Build configuration list for PBXNativeTarget "UrlCollectionViewUITests" */;
			buildPhases = (
				639DAA5B2A8BF92100AFD13A /* Sources */,
				639DAA5C2A8BF92100AFD13A /* Frameworks */,
				639DAA5D2A8BF92100AFD13A /* Resources */,
			);
			buildRules = (
			);
			dependencies = (
				639DAA612A8BF92100AFD13A /* PBXTargetDependency */,
			);
			name = UrlCollectionViewUITests;
			productName = UrlCollectionViewUITests;
			productReference = 639DAA5F2A8BF92100AFD13A /* UrlCollectionViewUITests.xctest */;
			productType = "com.apple.product-type.bundle.ui-testing";
		};
/* End PBXNativeTarget section */

/* Begin PBXProject section */
		639DAA372A8BF92000AFD13A /* Project object */ = {
			isa = PBXProject;
			attributes = {
				BuildIndependentTargetsInParallel = 1;
				LastSwiftUpdateCheck = 1430;
				LastUpgradeCheck = 1430;
				TargetAttributes = {
					639DAA3E2A8BF92000AFD13A = {
						CreatedOnToolsVersion = 14.3.1;
					};
					639DAA542A8BF92100AFD13A = {
						CreatedOnToolsVersion = 14.3.1;
						TestTargetID = 639DAA3E2A8BF92000AFD13A;
					};
					639DAA5E2A8BF92100AFD13A = {
						CreatedOnToolsVersion = 14.3.1;
						TestTargetID = 639DAA3E2A8BF92000AFD13A;
					};
				};
			};
			buildConfigurationList = 639DAA3A2A8BF92000AFD13A /* Build configuration list for PBXProject "UrlCollectionView" */;
			compatibilityVersion = "Xcode 14.0";
			developmentRegion = en;
			hasScannedForEncodings = 0;
			knownRegions = (
				en,
				Base,
			);
			mainGroup = 639DAA362A8BF92000AFD13A;
			productRefGroup = 639DAA402A8BF92000AFD13A /* Products */;
			projectDirPath = "";
			projectRoot = "";
			targets = (
				639DAA3E2A8BF92000AFD13A /* UrlCollectionView */,
				639DAA542A8BF92100AFD13A /* UrlCollectionViewTests */,
				639DAA5E2A8BF92100AFD13A /* UrlCollectionViewUITests */,
			);
		};
/* End PBXProject section */

/* Begin PBXResourcesBuildPhase section */
		639DAA3D2A8BF92000AFD13A /* Resources */ = {
			isa = PBXResourcesBuildPhase;
			buildActionMask = 2147483647;
			files = (
				639DAA4F2A8BF92100AFD13A /* LaunchScreen.storyboard in Resources */,
				639DAA4C2A8BF92100AFD13A /* Assets.xcassets in Resources */,
				639DAA4A2A8BF92000AFD13A /* Main.storyboard in Resources */,
			);
			runOnlyForDeploymentPostprocessing = 0;
		};
		639DAA532A8BF92100AFD13A /* Resources */ = {
			isa = PBXResourcesBuildPhase;
			buildActionMask = 2147483647;
			files = (
			);
			runOnlyForDeploymentPostprocessing = 0;
		};
		639DAA5D2A8BF92100AFD13A /* Resources */ = {
			isa = PBXResourcesBuildPhase;
			buildActionMask = 2147483647;
			files = (
			);
			runOnlyForDeploymentPostprocessing = 0;
		};
/* End PBXResourcesBuildPhase section */

/* Begin PBXSourcesBuildPhase section */
		639DAA3B2A8BF92000AFD13A /* Sources */ = {
			isa = PBXSourcesBuildPhase;
			buildActionMask = 2147483647;
			files = (
				639DAA472A8BF92000AFD13A /* ViewController.swift in Sources */,
				639DAA432A8BF92000AFD13A /* AppDelegate.swift in Sources */,
				639DAA452A8BF92000AFD13A /* SceneDelegate.swift in Sources */,
			);
			runOnlyForDeploymentPostprocessing = 0;
		};
		639DAA512A8BF92100AFD13A /* Sources */ = {
			isa = PBXSourcesBuildPhase;
			buildActionMask = 2147483647;
			files = (
				639DAA5A2A8BF92100AFD13A /* UrlCollectionViewTests.swift in Sources */,
			);
			runOnlyForDeploymentPostprocessing = 0;
		};
		639DAA5B2A8BF92100AFD13A /* Sources */ = {
			isa = PBXSourcesBuildPhase;
			buildActionMask = 2147483647;
			files = (
				639DAA642A8BF92100AFD13A /* UrlCollectionViewUITests.swift in Sources */,
				639DAA662A8BF92100AFD13A /* UrlCollectionViewUITestsLaunchTests.swift in Sources */,
			);
			runOnlyForDeploymentPostprocessing = 0;
		};
/* End PBXSourcesBuildPhase section */

/* Begin PBXTargetDependency section */
		639DAA572A8BF92100AFD13A /* PBXTargetDependency */ = {
			isa = PBXTargetDependency;
			target = 639DAA3E2A8BF92000AFD13A /* UrlCollectionView */;
			targetProxy = 639DAA562A8BF92100AFD13A /* PBXContainerItemProxy */;
		};
		639DAA612A8BF92100AFD13A /* PBXTargetDependency */ = {
			isa = PBXTargetDependency;
			target = 639DAA3E2A8BF92000AFD13A /* UrlCollectionView */;
			targetProxy = 639DAA602A8BF92100AFD13A /* PBXContainerItemProxy */;
		};
/* End PBXTargetDependency section */

/* Begin PBXVariantGroup section */
		639DAA482A8BF92000AFD13A /* Main.storyboard */ = {
			isa = PBXVariantGroup;
			children = (
				639DAA492A8BF92000AFD13A /* Base */,
			);
			name = Main.storyboard;
			sourceTree = "<group>";
		};
		639DAA4D2A8BF92100AFD13A /* LaunchScreen.storyboard */ = {
			isa = PBXVariantGroup;
			children = (
				639DAA4E2A8BF92100AFD13A /* Base */,
			);
			name = LaunchScreen.storyboard;
			sourceTree = "<group>";
		};
/* End PBXVariantGroup section */

/* Begin XCBuildConfiguration section */
		639DAA672A8BF92100AFD13A /* Debug */ = {
			isa = XCBuildConfiguration;
			buildSettings = {
				ALWAYS_SEARCH_USER_PATHS = NO;
				CLANG_ANALYZER_NONNULL = YES;
				CLANG_ANALYZER_NUMBER_OBJECT_CONVERSION = YES_AGGRESSIVE;
				CLANG_CXX_LANGUAGE_STANDARD = "gnu++20";
				CLANG_ENABLE_MODULES = YES;
				CLANG_ENABLE_OBJC_ARC = YES;
				CLANG_ENABLE_OBJC_WEAK = YES;
				CLANG_WARN_BLOCK_CAPTURE_AUTORELEASING = YES;
				CLANG_WARN_BOOL_CONVERSION = YES;
				CLANG_WARN_COMMA = YES;
				CLANG_WARN_CONSTANT_CONVERSION = YES;
				CLANG_WARN_DEPRECATED_OBJC_IMPLEMENTATIONS = YES;
				CLANG_WARN_DIRECT_OBJC_ISA_USAGE = YES_ERROR;
				CLANG_WARN_DOCUMENTATION_COMMENTS = YES;
				CLANG_WARN_EMPTY_BODY = YES;
				CLANG_WARN_ENUM_CONVERSION = YES;
				CLANG_WARN_INFINITE_RECURSION = YES;
				CLANG_WARN_INT_CONVERSION = YES;
				CLANG_WARN_NON_LITERAL_NULL_CONVERSION = YES;
				CLANG_WARN_OBJC_IMPLICIT_RETAIN_SELF = YES;
				CLANG_WARN_OBJC_LITERAL_CONVERSION = YES;
				CLANG_WARN_OBJC_ROOT_CLASS = YES_ERROR;
				CLANG_WARN_QUOTED_INCLUDE_IN_FRAMEWORK_HEADER = YES;
				CLANG_WARN_RANGE_LOOP_ANALYSIS = YES;
				CLANG_WARN_STRICT_PROTOTYPES = YES;
				CLANG_WARN_SUSPICIOUS_MOVE = YES;
				CLANG_WARN_UNGUARDED_AVAILABILITY = YES_AGGRESSIVE;
				CLANG_WARN_UNREACHABLE_CODE = YES;
				CLANG_WARN__DUPLICATE_METHOD_MATCH = YES;
				COPY_PHASE_STRIP = NO;
				DEBUG_INFORMATION_FORMAT = dwarf;
				ENABLE_STRICT_OBJC_MSGSEND = YES;
				ENABLE_TESTABILITY = YES;
				GCC_C_LANGUAGE_STANDARD = gnu11;
				GCC_DYNAMIC_NO_PIC = NO;
				GCC_NO_COMMON_BLOCKS = YES;
				GCC_OPTIMIZATION_LEVEL = 0;
				GCC_PREPROCESSOR_DEFINITIONS = (
					"DEBUG=1",
					"$(inherited)",
				);
				GCC_WARN_64_TO_32_BIT_CONVERSION = YES;
				GCC_WARN_ABOUT_RETURN_TYPE = YES_ERROR;
				GCC_WARN_UNDECLARED_SELECTOR = YES;
				GCC_WARN_UNINITIALIZED_AUTOS = YES_AGGRESSIVE;
				GCC_WARN_UNUSED_FUNCTION = YES;
				GCC_WARN_UNUSED_VARIABLE = YES;
				IPHONEOS_DEPLOYMENT_TARGET = 16.4;
				MTL_ENABLE_DEBUG_INFO = INCLUDE_SOURCE;
				MTL_FAST_MATH = YES;
				ONLY_ACTIVE_ARCH = YES;
				SDKROOT = iphoneos;
				SWIFT_ACTIVE_COMPILATION_CONDITIONS = DEBUG;
				SWIFT_OPTIMIZATION_LEVEL = "-Onone";
			};
			name = Debug;
		};
		639DAA682A8BF92100AFD13A /* Release */ = {
			isa = XCBuildConfiguration;
			buildSettings = {
				ALWAYS_SEARCH_USER_PATHS = NO;
				CLANG_ANALYZER_NONNULL = YES;
				CLANG_ANALYZER_NUMBER_OBJECT_CONVERSION = YES_AGGRESSIVE;
				CLANG_CXX_LANGUAGE_STANDARD = "gnu++20";
				CLANG_ENABLE_MODULES = YES;
				CLANG_ENABLE_OBJC_ARC = YES;
				CLANG_ENABLE_OBJC_WEAK = YES;
				CLANG_WARN_BLOCK_CAPTURE_AUTORELEASING = YES;
				CLANG_WARN_BOOL_CONVERSION = YES;
				CLANG_WARN_COMMA = YES;
				CLANG_WARN_CONSTANT_CONVERSION = YES;
				CLANG_WARN_DEPRECATED_OBJC_IMPLEMENTATIONS = YES;
				CLANG_WARN_DIRECT_OBJC_ISA_USAGE = YES_ERROR;
				CLANG_WARN_DOCUMENTATION_COMMENTS = YES;
				CLANG_WARN_EMPTY_BODY = YES;
				CLANG_WARN_ENUM_CONVERSION = YES;
				CLANG_WARN_INFINITE_RECURSION = YES;
				CLANG_WARN_INT_CONVERSION = YES;
				CLANG_WARN_NON_LITERAL_NULL_CONVERSION = YES;
				CLANG_WARN_OBJC_IMPLICIT_RETAIN_SELF = YES;
				CLANG_WARN_OBJC_LITERAL_CONVERSION = YES;
				CLANG_WARN_OBJC_ROOT_CLASS = YES_ERROR;
				CLANG_WARN_QUOTED_INCLUDE_IN_FRAMEWORK_HEADER = YES;
				CLANG_WARN_RANGE_LOOP_ANALYSIS = YES;
				CLANG_WARN_STRICT_PROTOTYPES = YES;
				CLANG_WARN_SUSPICIOUS_MOVE = YES;
				CLANG_WARN_UNGUARDED_AVAILABILITY = YES_AGGRESSIVE;
				CLANG_WARN_UNREACHABLE_CODE = YES;
				CLANG_WARN__DUPLICATE_METHOD_MATCH = YES;
				COPY_PHASE_STRIP = NO;
				DEBUG_INFORMATION_FORMAT = "dwarf-with-dsym";
				ENABLE_NS_ASSERTIONS = NO;
				ENABLE_STRICT_OBJC_MSGSEND = YES;
				GCC_C_LANGUAGE_STANDARD = gnu11;
				GCC_NO_COMMON_BLOCKS = YES;
				GCC_WARN_64_TO_32_BIT_CONVERSION = YES;
				GCC_WARN_ABOUT_RETURN_TYPE = YES_ERROR;
				GCC_WARN_UNDECLARED_SELECTOR = YES;
				GCC_WARN_UNINITIALIZED_AUTOS = YES_AGGRESSIVE;
				GCC_WARN_UNUSED_FUNCTION = YES;
				GCC_WARN_UNUSED_VARIABLE = YES;
				IPHONEOS_DEPLOYMENT_TARGET = 16.4;
				MTL_ENABLE_DEBUG_INFO = NO;
				MTL_FAST_MATH = YES;
				SDKROOT = iphoneos;
				SWIFT_COMPILATION_MODE = wholemodule;
				SWIFT_OPTIMIZATION_LEVEL = "-O";
				VALIDATE_PRODUCT = YES;
			};
			name = Release;
		};
		639DAA6A2A8BF92100AFD13A /* Debug */ = {
			isa = XCBuildConfiguration;
			buildSettings = {
				ASSETCATALOG_COMPILER_APPICON_NAME = AppIcon;
				ASSETCATALOG_COMPILER_GLOBAL_ACCENT_COLOR_NAME = AccentColor;
				CODE_SIGN_STYLE = Automatic;
				CURRENT_PROJECT_VERSION = 1;
				GENERATE_INFOPLIST_FILE = YES;
				INFOPLIST_FILE = UrlCollectionView/Info.plist;
				INFOPLIST_KEY_UIApplicationSupportsIndirectInputEvents = YES;
				INFOPLIST_KEY_UILaunchStoryboardName = LaunchScreen;
				INFOPLIST_KEY_UIMainStoryboardFile = Main;
				INFOPLIST_KEY_UISupportedInterfaceOrientations_iPad = "UIInterfaceOrientationPortrait UIInterfaceOrientationPortraitUpsideDown UIInterfaceOrientationLandscapeLeft UIInterfaceOrientationLandscapeRight";
				INFOPLIST_KEY_UISupportedInterfaceOrientations_iPhone = "UIInterfaceOrientationPortrait UIInterfaceOrientationLandscapeLeft UIInterfaceOrientationLandscapeRight";
				LD_RUNPATH_SEARCH_PATHS = (
					"$(inherited)",
					"@executable_path/Frameworks",
				);
				MARKETING_VERSION = 1.0;
				PRODUCT_BUNDLE_IDENTIFIER = justcode.UrlCollectionView;
				PRODUCT_NAME = "$(TARGET_NAME)";
				SWIFT_EMIT_LOC_STRINGS = YES;
				SWIFT_VERSION = 5.0;
				TARGETED_DEVICE_FAMILY = "1,2";
			};
			name = Debug;
		};
		639DAA6B2A8BF92100AFD13A /* Release */ = {
			isa = XCBuildConfiguration;
			buildSettings = {
				ASSETCATALOG_COMPILER_APPICON_NAME = AppIcon;
				ASSETCATALOG_COMPILER_GLOBAL_ACCENT_COLOR_NAME = AccentColor;
				CODE_SIGN_STYLE = Automatic;
				CURRENT_PROJECT_VERSION = 1;
				GENERATE_INFOPLIST_FILE = YES;
				INFOPLIST_FILE = UrlCollectionView/Info.plist;
				INFOPLIST_KEY_UIApplicationSupportsIndirectInputEvents = YES;
				INFOPLIST_KEY_UILaunchStoryboardName = LaunchScreen;
				INFOPLIST_KEY_UIMainStoryboardFile = Main;
				INFOPLIST_KEY_UISupportedInterfaceOrientations_iPad = "UIInterfaceOrientationPortrait UIInterfaceOrientationPortraitUpsideDown UIInterfaceOrientationLandscapeLeft UIInterfaceOrientationLandscapeRight";
				INFOPLIST_KEY_UISupportedInterfaceOrientations_iPhone = "UIInterfaceOrientationPortrait UIInterfaceOrientationLandscapeLeft UIInterfaceOrientationLandscapeRight";
				LD_RUNPATH_SEARCH_PATHS = (
					"$(inherited)",
					"@executable_path/Frameworks",
				);
				MARKETING_VERSION = 1.0;
				PRODUCT_BUNDLE_IDENTIFIER = justcode.UrlCollectionView;
				PRODUCT_NAME = "$(TARGET_NAME)";
				SWIFT_EMIT_LOC_STRINGS = YES;
				SWIFT_VERSION = 5.0;
				TARGETED_DEVICE_FAMILY = "1,2";
			};
			name = Release;
		};
		639DAA6D2A8BF92100AFD13A /* Debug */ = {
			isa = XCBuildConfiguration;
			buildSettings = {
				ALWAYS_EMBED_SWIFT_STANDARD_LIBRARIES = YES;
				BUNDLE_LOADER = "$(TEST_HOST)";
				CODE_SIGN_STYLE = Automatic;
				CURRENT_PROJECT_VERSION = 1;
				GENERATE_INFOPLIST_FILE = YES;
				IPHONEOS_DEPLOYMENT_TARGET = 16.4;
				MARKETING_VERSION = 1.0;
				PRODUCT_BUNDLE_IDENTIFIER = justcode.UrlCollectionViewTests;
				PRODUCT_NAME = "$(TARGET_NAME)";
				SWIFT_EMIT_LOC_STRINGS = NO;
				SWIFT_VERSION = 5.0;
				TARGETED_DEVICE_FAMILY = "1,2";
				TEST_HOST = "$(BUILT_PRODUCTS_DIR)/UrlCollectionView.app/$(BUNDLE_EXECUTABLE_FOLDER_PATH)/UrlCollectionView";
			};
			name = Debug;
		};
		639DAA6E2A8BF92100AFD13A /* Release */ = {
			isa = XCBuildConfiguration;
			buildSettings = {
				ALWAYS_EMBED_SWIFT_STANDARD_LIBRARIES = YES;
				BUNDLE_LOADER = "$(TEST_HOST)";
				CODE_SIGN_STYLE = Automatic;
				CURRENT_PROJECT_VERSION = 1;
				GENERATE_INFOPLIST_FILE = YES;
				IPHONEOS_DEPLOYMENT_TARGET = 16.4;
				MARKETING_VERSION = 1.0;
				PRODUCT_BUNDLE_IDENTIFIER = justcode.UrlCollectionViewTests;
				PRODUCT_NAME = "$(TARGET_NAME)";
				SWIFT_EMIT_LOC_STRINGS = NO;
				SWIFT_VERSION = 5.0;
				TARGETED_DEVICE_FAMILY = "1,2";
				TEST_HOST = "$(BUILT_PRODUCTS_DIR)/UrlCollectionView.app/$(BUNDLE_EXECUTABLE_FOLDER_PATH)/UrlCollectionView";
			};
			name = Release;
		};
		639DAA702A8BF92100AFD13A /* Debug */ = {
			isa = XCBuildConfiguration;
			buildSettings = {
				ALWAYS_EMBED_SWIFT_STANDARD_LIBRARIES = YES;
				CODE_SIGN_STYLE = Automatic;
				CURRENT_PROJECT_VERSION = 1;
				GENERATE_INFOPLIST_FILE = YES;
				MARKETING_VERSION = 1.0;
				PRODUCT_BUNDLE_IDENTIFIER = justcode.UrlCollectionViewUITests;
				PRODUCT_NAME = "$(TARGET_NAME)";
				SWIFT_EMIT_LOC_STRINGS = NO;
				SWIFT_VERSION = 5.0;
				TARGETED_DEVICE_FAMILY = "1,2";
				TEST_TARGET_NAME = UrlCollectionView;
			};
			name = Debug;
		};
		639DAA712A8BF92100AFD13A /* Release */ = {
			isa = XCBuildConfiguration;
			buildSettings = {
				ALWAYS_EMBED_SWIFT_STANDARD_LIBRARIES = YES;
				CODE_SIGN_STYLE = Automatic;
				CURRENT_PROJECT_VERSION = 1;
				GENERATE_INFOPLIST_FILE = YES;
				MARKETING_VERSION = 1.0;
				PRODUCT_BUNDLE_IDENTIFIER = justcode.UrlCollectionViewUITests;
				PRODUCT_NAME = "$(TARGET_NAME)";
				SWIFT_EMIT_LOC_STRINGS = NO;
				SWIFT_VERSION = 5.0;
				TARGETED_DEVICE_FAMILY = "1,2";
				TEST_TARGET_NAME = UrlCollectionView;
			};
			name = Release;
		};
/* End XCBuildConfiguration section */

/* Begin XCConfigurationList section */
		639DAA3A2A8BF92000AFD13A /* Build configuration list for PBXProject "UrlCollectionView" */ = {
			isa = XCConfigurationList;
			buildConfigurations = (
				639DAA672A8BF92100AFD13A /* Debug */,
				639DAA682A8BF92100AFD13A /* Release */,
			);
			defaultConfigurationIsVisible = 0;
			defaultConfigurationName = Release;
		};
		639DAA692A8BF92100AFD13A /* Build configuration list for PBXNativeTarget "UrlCollectionView" */ = {
			isa = XCConfigurationList;
			buildConfigurations = (
				639DAA6A2A8BF92100AFD13A /* Debug */,
				639DAA6B2A8BF92100AFD13A /* Release */,
			);
			defaultConfigurationIsVisible = 0;
			defaultConfigurationName = Release;
		};
		639DAA6C2A8BF92100AFD13A /* Build configuration list for PBXNativeTarget "UrlCollectionViewTests" */ = {
			isa = XCConfigurationList;
			buildConfigurations = (
				639DAA6D2A8BF92100AFD13A /* Debug */,
				639DAA6E2A8BF92100AFD13A /* Release */,
			);
			defaultConfigurationIsVisible = 0;
			defaultConfigurationName = Release;
		};
		639DAA6F2A8BF92100AFD13A /* Build configuration list for PBXNativeTarget "UrlCollectionViewUITests" */ = {
			isa = XCConfigurationList;
			buildConfigurations = (
				639DAA702A8BF92100AFD13A /* Debug */,
				639DAA712A8BF92100AFD13A /* Release */,
			);
			defaultConfigurationIsVisible = 0;
			defaultConfigurationName = Release;
		};
/* End XCConfigurationList section */
	};
	rootObject = 639DAA372A8BF92000AFD13A /* Project object */;
}
